
Microsoft Visual Studio Solution File, Format Version 12.00
# Visual Studio 15
VisualStudioVersion = 15.0.28307.489
MinimumVisualStudioVersion = 10.0.40219.1
Project("{FAE04EC0-301F-11D3-BF4B-00C04F79EFBC}") = "ExcelToJson", "ExcelToJson\ExcelToJson.csproj", "{34E012B2-DF2B-44A7-9EEC-362080A55B79}"
EndProject
Global
	GlobalSection(SolutionConfigurationPlatforms) = preSolution
		Debug|Any CPU = Debug|Any CPU
		Release|Any CPU = Release|Any CPU
	EndGlobalSection
	GlobalSection(ProjectConfigurationPlatforms) = postSolution
		{34E012B2-DF2B-44A7-9EEC-362080A55B79}.Debug|Any CPU.ActiveCfg = Debug|Any CPU
		{34E012B2-DF2B-44A7-9EEC-362080A55B79}.Debug|Any CPU.Build.0 = Debug|Any CPU
		{34E012B2-DF2B-44A7-9EEC-362080A55B79}.Release|Any CPU.ActiveCfg = Release|Any CPU
		{34E012B2-DF2B-44A7-9EEC-362080A55B79}.Release|Any CPU.Build.0 = Release|Any CPU
	EndGlobalSection
	GlobalSection(SolutionProperties) = preSolution
		HideSolutionNode = FALSE
	EndGlobalSection
	GlobalSection(ExtensibilityGlobals) = postSolution
		SolutionGuid = {2E97C3B9-B8A1-488D-9E89-9AE41D1F99E4}
	EndGlobalSection
EndGlobal
